
Microsoft Visual Studio Solution File, Format Version 12.00
# Visual Studio Version 17
VisualStudioVersion = 17.0.31903.59
MinimumVisualStudioVersion = 10.0.40219.1
Project("{2150E333-8FDC-42A3-9474-1A3956D46DE8}") = "src", "src", "{8B8D4D1A-FF14-4E66-B8F5-FB5CFE2BCC6A}"
EndProject
Project("{FAE04EC0-301F-11D3-BF4B-00C04F79EFBC}") = "FaceOFFx.Core", "src\FaceOFFx.Core\FaceOFFx.Core.csproj", "{A1234567-1234-1234-1234-123456789001}"
EndProject
Project("{FAE04EC0-301F-11D3-BF4B-00C04F79EFBC}") = "FaceOFFx.Infrastructure", "src\FaceOFFx.Infrastructure\FaceOFFx.Infrastructure.csproj", "{A1234567-1234-1234-1234-123456789002}"
EndProject
Project("{FAE04EC0-301F-11D3-BF4B-00C04F79EFBC}") = "FaceOFFx.Models", "src\FaceOFFx.Models\FaceOFFx.Models.csproj", "{A1234567-1234-1234-1234-123456789004}"
EndProject
Project("{FAE04EC0-301F-11D3-BF4B-00C04F79EFBC}") = "FaceOFFx.Cli", "src\FaceOFFx.Cli\FaceOFFx.Cli.csproj", "{A1234567-1234-1234-1234-123456789005}"
EndProject
Project("{FAE04EC0-301F-11D3-BF4B-00C04F79EFBC}") = "FaceOFFx", "src\FaceOFFx\FaceOFFx.csproj", "{A1234567-1234-1234-1234-123456789011}"
EndProject
Project("{2150E333-8FDC-42A3-9474-1A3956D46DE8}") = "tests", "tests", "{8B8D4D1A-FF14-4E66-B8F5-FB5CFE2BCC6C}"
EndProject
Project("{FAE04EC0-301F-11D3-BF4B-00C04F79EFBC}") = "FaceOFFx.Core.Tests", "tests\FaceOFFx.Core.Tests\FaceOFFx.Core.Tests.csproj", "{A1234567-1234-1234-1234-123456789006}"
EndProject
Project("{FAE04EC0-301F-11D3-BF4B-00C04F79EFBC}") = "FaceOFFx.Cli.Tests", "tests\FaceOFFx.Cli.Tests\FaceOFFx.Cli.Tests.csproj", "{A1234567-1234-1234-1234-123456789008}"
EndProject
Project("{FAE04EC0-301F-11D3-BF4B-00C04F79EFBC}") = "FaceOFFx.Tests.Common", "tests\FaceOFFx.Tests.Common\FaceOFFx.Tests.Common.csproj", "{A1234567-1234-1234-1234-123456789009}"
EndProject
Project("{FAE04EC0-301F-11D3-BF4B-00C04F79EFBC}") = "FaceOFFx.Infrastructure.Tests", "tests\FaceOFFx.Infrastructure.Tests\FaceOFFx.Infrastructure.Tests.csproj", "{A1234567-1234-1234-1234-123456789010}"
EndProject
Project("{2150E333-8FDC-42A3-9474-1A3956D46DE8}") = "Solution Items", "Solution Items", "{39C7E7FA-BB16-472F-B2F6-5A991B3C7E1B}"
	ProjectSection(SolutionItems) = preProject
		.editorconfig = .editorconfig
		.gitignore = .gitignore
		Directory.Build.props = Directory.Build.props
		README.md = README.md
		CLAUDE.md = CLAUDE.md
	EndProjectSection
EndProject
Project("{FAE04EC0-301F-11D3-BF4B-00C04F79EFBC}") = "FaceOFFx.Diagnostics.Cli", "src\FaceOFFx.Diagnostics.Cli\FaceOFFx.Diagnostics.Cli.csproj", "{6E12F4EC-38FB-4B4B-82DF-0933475F4F7D}"
EndProject
Project("{FAE04EC0-301F-11D3-BF4B-00C04F79EFBC}") = "FaceOFFx.Diagnostics.Cli.Tests", "tests\FaceOFFx.Diagnostics.Cli.Tests\FaceOFFx.Diagnostics.Cli.Tests.csproj", "{5CE77BE4-82B1-4B48-96A6-59F9644E2B3F}"
EndProject
Project("{FAE04EC0-301F-11D3-BF4B-00C04F79EFBC}") = "CoreJ2K.FaceOFFx", "src\CoreJ2K.FaceOFFx\CoreJ2K.FaceOFFx.csproj", "{A1234567-1234-1234-1234-123456789012}"
EndProject
Project("{FAE04EC0-301F-11D3-BF4B-00C04F79EFBC}") = "CoreJ2K.FaceOFFx.Tests", "tests\CoreJ2K.FaceOFFx.Tests\CoreJ2K.FaceOFFx.Tests.csproj", "{A1234567-1234-1234-1234-123456789013}"
EndProject
Global
	GlobalSection(SolutionConfigurationPlatforms) = preSolution
		Debug|Any CPU = Debug|Any CPU
		Debug|x64 = Debug|x64
		Debug|x86 = Debug|x86
		Release|Any CPU = Release|Any CPU
		Release|x64 = Release|x64
		Release|x86 = Release|x86
	EndGlobalSection
	GlobalSection(ProjectConfigurationPlatforms) = postSolution
		{A1234567-1234-1234-1234-123456789013}.Debug|Any CPU.ActiveCfg = Debug|Any CPU
		{A1234567-1234-1234-1234-123456789013}.Debug|Any CPU.Build.0 = Debug|Any CPU
		{A1234567-1234-1234-1234-123456789013}.Release|Any CPU.ActiveCfg = Release|Any CPU
		{A1234567-1234-1234-1234-123456789013}.Release|Any CPU.Build.0 = Release|Any CPU
		{A1234567-1234-1234-1234-123456789012}.Debug|Any CPU.ActiveCfg = Debug|Any CPU
		{A1234567-1234-1234-1234-123456789012}.Debug|Any CPU.Build.0 = Debug|Any CPU
		{A1234567-1234-1234-1234-123456789012}.Release|Any CPU.ActiveCfg = Release|Any CPU
		{A1234567-1234-1234-1234-123456789012}.Release|Any CPU.Build.0 = Release|Any CPU
		{A1234567-1234-1234-1234-123456789001}.Debug|Any CPU.ActiveCfg = Debug|Any CPU
		{A1234567-1234-1234-1234-123456789001}.Debug|Any CPU.Build.0 = Debug|Any CPU
		{A1234567-1234-1234-1234-123456789001}.Debug|x64.ActiveCfg = Debug|Any CPU
		{A1234567-1234-1234-1234-123456789001}.Debug|x64.Build.0 = Debug|Any CPU
		{A1234567-1234-1234-1234-123456789001}.Debug|x86.ActiveCfg = Debug|Any CPU
		{A1234567-1234-1234-1234-123456789001}.Debug|x86.Build.0 = Debug|Any CPU
		{A1234567-1234-1234-1234-123456789001}.Release|Any CPU.ActiveCfg = Release|Any CPU
		{A1234567-1234-1234-1234-123456789001}.Release|Any CPU.Build.0 = Release|Any CPU
		{A1234567-1234-1234-1234-123456789001}.Release|x64.ActiveCfg = Release|Any CPU
		{A1234567-1234-1234-1234-123456789001}.Release|x64.Build.0 = Release|Any CPU
		{A1234567-1234-1234-1234-123456789001}.Release|x86.ActiveCfg = Release|Any CPU
		{A1234567-1234-1234-1234-123456789001}.Release|x86.Build.0 = Release|Any CPU
		{A1234567-1234-1234-1234-123456789002}.Debug|Any CPU.ActiveCfg = Debug|Any CPU
		{A1234567-1234-1234-1234-123456789002}.Debug|Any CPU.Build.0 = Debug|Any CPU
		{A1234567-1234-1234-1234-123456789002}.Debug|x64.ActiveCfg = Debug|Any CPU
		{A1234567-1234-1234-1234-123456789002}.Debug|x64.Build.0 = Debug|Any CPU
		{A1234567-1234-1234-1234-123456789002}.Debug|x86.ActiveCfg = Debug|Any CPU
		{A1234567-1234-1234-1234-123456789002}.Debug|x86.Build.0 = Debug|Any CPU
		{A1234567-1234-1234-1234-123456789002}.Release|Any CPU.ActiveCfg = Release|Any CPU
		{A1234567-1234-1234-1234-123456789002}.Release|Any CPU.Build.0 = Release|Any CPU
		{A1234567-1234-1234-1234-123456789002}.Release|x64.ActiveCfg = Release|Any CPU
		{A1234567-1234-1234-1234-123456789002}.Release|x64.Build.0 = Release|Any CPU
		{A1234567-1234-1234-1234-123456789002}.Release|x86.ActiveCfg = Release|Any CPU
		{A1234567-1234-1234-1234-123456789002}.Release|x86.Build.0 = Release|Any CPU
		{A1234567-1234-1234-1234-123456789004}.Debug|Any CPU.ActiveCfg = Debug|Any CPU
		{A1234567-1234-1234-1234-123456789004}.Debug|Any CPU.Build.0 = Debug|Any CPU
		{A1234567-1234-1234-1234-123456789004}.Debug|x64.ActiveCfg = Debug|Any CPU
		{A1234567-1234-1234-1234-123456789004}.Debug|x64.Build.0 = Debug|Any CPU
		{A1234567-1234-1234-1234-123456789004}.Debug|x86.ActiveCfg = Debug|Any CPU
		{A1234567-1234-1234-1234-123456789004}.Debug|x86.Build.0 = Debug|Any CPU
		{A1234567-1234-1234-1234-123456789004}.Release|Any CPU.ActiveCfg = Release|Any CPU
		{A1234567-1234-1234-1234-123456789004}.Release|Any CPU.Build.0 = Release|Any CPU
		{A1234567-1234-1234-1234-123456789004}.Release|x64.ActiveCfg = Release|Any CPU
		{A1234567-1234-1234-1234-123456789004}.Release|x64.Build.0 = Release|Any CPU
		{A1234567-1234-1234-1234-123456789004}.Release|x86.ActiveCfg = Release|Any CPU
		{A1234567-1234-1234-1234-123456789004}.Release|x86.Build.0 = Release|Any CPU
		{A1234567-1234-1234-1234-123456789005}.Debug|Any CPU.ActiveCfg = Debug|Any CPU
		{A1234567-1234-1234-1234-123456789005}.Debug|Any CPU.Build.0 = Debug|Any CPU
		{A1234567-1234-1234-1234-123456789005}.Debug|x64.ActiveCfg = Debug|Any CPU
		{A1234567-1234-1234-1234-123456789005}.Debug|x64.Build.0 = Debug|Any CPU
		{A1234567-1234-1234-1234-123456789005}.Debug|x86.ActiveCfg = Debug|Any CPU
		{A1234567-1234-1234-1234-123456789005}.Debug|x86.Build.0 = Debug|Any CPU
		{A1234567-1234-1234-1234-123456789005}.Release|Any CPU.ActiveCfg = Release|Any CPU
		{A1234567-1234-1234-1234-123456789005}.Release|Any CPU.Build.0 = Release|Any CPU
		{A1234567-1234-1234-1234-123456789005}.Release|x64.ActiveCfg = Release|Any CPU
		{A1234567-1234-1234-1234-123456789005}.Release|x64.Build.0 = Release|Any CPU
		{A1234567-1234-1234-1234-123456789005}.Release|x86.ActiveCfg = Release|Any CPU
		{A1234567-1234-1234-1234-123456789005}.Release|x86.Build.0 = Release|Any CPU
		{A1234567-1234-1234-1234-123456789011}.Debug|Any CPU.ActiveCfg = Debug|Any CPU
		{A1234567-1234-1234-1234-123456789011}.Debug|Any CPU.Build.0 = Debug|Any CPU
		{A1234567-1234-1234-1234-123456789011}.Debug|x64.ActiveCfg = Debug|Any CPU
		{A1234567-1234-1234-1234-123456789011}.Debug|x64.Build.0 = Debug|Any CPU
		{A1234567-1234-1234-1234-123456789011}.Debug|x86.ActiveCfg = Debug|Any CPU
		{A1234567-1234-1234-1234-123456789011}.Debug|x86.Build.0 = Debug|Any CPU
		{A1234567-1234-1234-1234-123456789011}.Release|Any CPU.ActiveCfg = Release|Any CPU
		{A1234567-1234-1234-1234-123456789011}.Release|Any CPU.Build.0 = Release|Any CPU
		{A1234567-1234-1234-1234-123456789011}.Release|x64.ActiveCfg = Release|Any CPU
		{A1234567-1234-1234-1234-123456789011}.Release|x64.Build.0 = Release|Any CPU
		{A1234567-1234-1234-1234-123456789011}.Release|x86.ActiveCfg = Release|Any CPU
		{A1234567-1234-1234-1234-123456789011}.Release|x86.Build.0 = Release|Any CPU
		{A1234567-1234-1234-1234-123456789006}.Debug|Any CPU.ActiveCfg = Debug|Any CPU
		{A1234567-1234-1234-1234-123456789006}.Debug|Any CPU.Build.0 = Debug|Any CPU
		{A1234567-1234-1234-1234-123456789006}.Debug|x64.ActiveCfg = Debug|Any CPU
		{A1234567-1234-1234-1234-123456789006}.Debug|x64.Build.0 = Debug|Any CPU
		{A1234567-1234-1234-1234-123456789006}.Debug|x86.ActiveCfg = Debug|Any CPU
		{A1234567-1234-1234-1234-123456789006}.Debug|x86.Build.0 = Debug|Any CPU
		{A1234567-1234-1234-1234-123456789006}.Release|Any CPU.ActiveCfg = Release|Any CPU
		{A1234567-1234-1234-1234-123456789006}.Release|Any CPU.Build.0 = Release|Any CPU
		{A1234567-1234-1234-1234-123456789006}.Release|x64.ActiveCfg = Release|Any CPU
		{A1234567-1234-1234-1234-123456789006}.Release|x64.Build.0 = Release|Any CPU
		{A1234567-1234-1234-1234-123456789006}.Release|x86.ActiveCfg = Release|Any CPU
		{A1234567-1234-1234-1234-123456789006}.Release|x86.Build.0 = Release|Any CPU
		{A1234567-1234-1234-1234-123456789008}.Debug|Any CPU.ActiveCfg = Debug|Any CPU
		{A1234567-1234-1234-1234-123456789008}.Debug|Any CPU.Build.0 = Debug|Any CPU
		{A1234567-1234-1234-1234-123456789008}.Debug|x64.ActiveCfg = Debug|Any CPU
		{A1234567-1234-1234-1234-123456789008}.Debug|x64.Build.0 = Debug|Any CPU
		{A1234567-1234-1234-1234-123456789008}.Debug|x86.ActiveCfg = Debug|Any CPU
		{A1234567-1234-1234-1234-123456789008}.Debug|x86.Build.0 = Debug|Any CPU
		{A1234567-1234-1234-1234-123456789008}.Release|Any CPU.ActiveCfg = Release|Any CPU
		{A1234567-1234-1234-1234-123456789008}.Release|Any CPU.Build.0 = Release|Any CPU
		{A1234567-1234-1234-1234-123456789008}.Release|x64.ActiveCfg = Release|Any CPU
		{A1234567-1234-1234-1234-123456789008}.Release|x64.Build.0 = Release|Any CPU
		{A1234567-1234-1234-1234-123456789008}.Release|x86.ActiveCfg = Release|Any CPU
		{A1234567-1234-1234-1234-123456789008}.Release|x86.Build.0 = Release|Any CPU
		{A1234567-1234-1234-1234-123456789009}.Debug|Any CPU.ActiveCfg = Debug|Any CPU
		{A1234567-1234-1234-1234-123456789009}.Debug|Any CPU.Build.0 = Debug|Any CPU
		{A1234567-1234-1234-1234-123456789009}.Debug|x64.ActiveCfg = Debug|Any CPU
		{A1234567-1234-1234-1234-123456789009}.Debug|x64.Build.0 = Debug|Any CPU
		{A1234567-1234-1234-1234-123456789009}.Debug|x86.ActiveCfg = Debug|Any CPU
		{A1234567-1234-1234-1234-123456789009}.Debug|x86.Build.0 = Debug|Any CPU
		{A1234567-1234-1234-1234-123456789009}.Release|Any CPU.ActiveCfg = Release|Any CPU
		{A1234567-1234-1234-1234-123456789009}.Release|Any CPU.Build.0 = Release|Any CPU
		{A1234567-1234-1234-1234-123456789009}.Release|x64.ActiveCfg = Release|Any CPU
		{A1234567-1234-1234-1234-123456789009}.Release|x64.Build.0 = Release|Any CPU
		{A1234567-1234-1234-1234-123456789009}.Release|x86.ActiveCfg = Release|Any CPU
		{A1234567-1234-1234-1234-123456789009}.Release|x86.Build.0 = Release|Any CPU
		{A1234567-1234-1234-1234-123456789010}.Debug|Any CPU.ActiveCfg = Debug|Any CPU
		{A1234567-1234-1234-1234-123456789010}.Debug|Any CPU.Build.0 = Debug|Any CPU
		{A1234567-1234-1234-1234-123456789010}.Debug|x64.ActiveCfg = Debug|Any CPU
		{A1234567-1234-1234-1234-123456789010}.Debug|x64.Build.0 = Debug|Any CPU
		{A1234567-1234-1234-1234-123456789010}.Debug|x86.ActiveCfg = Debug|Any CPU
		{A1234567-1234-1234-1234-123456789010}.Debug|x86.Build.0 = Debug|Any CPU
		{A1234567-1234-1234-1234-123456789010}.Release|Any CPU.ActiveCfg = Release|Any CPU
		{A1234567-1234-1234-1234-123456789010}.Release|Any CPU.Build.0 = Release|Any CPU
		{A1234567-1234-1234-1234-123456789010}.Release|x64.ActiveCfg = Release|Any CPU
		{A1234567-1234-1234-1234-123456789010}.Release|x64.Build.0 = Release|Any CPU
		{A1234567-1234-1234-1234-123456789010}.Release|x86.ActiveCfg = Release|Any CPU
		{A1234567-1234-1234-1234-123456789010}.Release|x86.Build.0 = Release|Any CPU
		{6E12F4EC-38FB-4B4B-82DF-0933475F4F7D}.Debug|Any CPU.ActiveCfg = Debug|Any CPU
		{6E12F4EC-38FB-4B4B-82DF-0933475F4F7D}.Debug|Any CPU.Build.0 = Debug|Any CPU
		{6E12F4EC-38FB-4B4B-82DF-0933475F4F7D}.Debug|x64.ActiveCfg = Debug|Any CPU
		{6E12F4EC-38FB-4B4B-82DF-0933475F4F7D}.Debug|x64.Build.0 = Debug|Any CPU
		{6E12F4EC-38FB-4B4B-82DF-0933475F4F7D}.Debug|x86.ActiveCfg = Debug|Any CPU
		{6E12F4EC-38FB-4B4B-82DF-0933475F4F7D}.Debug|x86.Build.0 = Debug|Any CPU
		{6E12F4EC-38FB-4B4B-82DF-0933475F4F7D}.Release|Any CPU.ActiveCfg = Release|Any CPU
		{6E12F4EC-38FB-4B4B-82DF-0933475F4F7D}.Release|Any CPU.Build.0 = Release|Any CPU
		{6E12F4EC-38FB-4B4B-82DF-0933475F4F7D}.Release|x64.ActiveCfg = Release|Any CPU
		{6E12F4EC-38FB-4B4B-82DF-0933475F4F7D}.Release|x64.Build.0 = Release|Any CPU
		{6E12F4EC-38FB-4B4B-82DF-0933475F4F7D}.Release|x86.ActiveCfg = Release|Any CPU
		{6E12F4EC-38FB-4B4B-82DF-0933475F4F7D}.Release|x86.Build.0 = Release|Any CPU
		{5CE77BE4-82B1-4B48-96A6-59F9644E2B3F}.Debug|Any CPU.ActiveCfg = Debug|Any CPU
		{5CE77BE4-82B1-4B48-96A6-59F9644E2B3F}.Debug|Any CPU.Build.0 = Debug|Any CPU
		{5CE77BE4-82B1-4B48-96A6-59F9644E2B3F}.Debug|x64.ActiveCfg = Debug|Any CPU
		{5CE77BE4-82B1-4B48-96A6-59F9644E2B3F}.Debug|x64.Build.0 = Debug|Any CPU
		{5CE77BE4-82B1-4B48-96A6-59F9644E2B3F}.Debug|x86.ActiveCfg = Debug|Any CPU
		{5CE77BE4-82B1-4B48-96A6-59F9644E2B3F}.Debug|x86.Build.0 = Debug|Any CPU
		{5CE77BE4-82B1-4B48-96A6-59F9644E2B3F}.Release|Any CPU.ActiveCfg = Release|Any CPU
		{5CE77BE4-82B1-4B48-96A6-59F9644E2B3F}.Release|Any CPU.Build.0 = Release|Any CPU
		{5CE77BE4-82B1-4B48-96A6-59F9644E2B3F}.Release|x64.ActiveCfg = Release|Any CPU
		{5CE77BE4-82B1-4B48-96A6-59F9644E2B3F}.Release|x64.Build.0 = Release|Any CPU
		{5CE77BE4-82B1-4B48-96A6-59F9644E2B3F}.Release|x86.ActiveCfg = Release|Any CPU
		{5CE77BE4-82B1-4B48-96A6-59F9644E2B3F}.Release|x86.Build.0 = Release|Any CPU
	EndGlobalSection
	GlobalSection(SolutionProperties) = preSolution
		HideSolutionNode = FALSE
	EndGlobalSection
	GlobalSection(NestedProjects) = preSolution
		{A1234567-1234-1234-1234-123456789013} = {8B8D4D1A-FF14-4E66-B8F5-FB5CFE2BCC6C}
		{A1234567-1234-1234-1234-123456789012} = {8B8D4D1A-FF14-4E66-B8F5-FB5CFE2BCC6A}
		{A1234567-1234-1234-1234-123456789001} = {8B8D4D1A-FF14-4E66-B8F5-FB5CFE2BCC6A}
		{A1234567-1234-1234-1234-123456789002} = {8B8D4D1A-FF14-4E66-B8F5-FB5CFE2BCC6A}
		{A1234567-1234-1234-1234-123456789004} = {8B8D4D1A-FF14-4E66-B8F5-FB5CFE2BCC6A}
		{A1234567-1234-1234-1234-123456789005} = {8B8D4D1A-FF14-4E66-B8F5-FB5CFE2BCC6A}
		{A1234567-1234-1234-1234-123456789011} = {8B8D4D1A-FF14-4E66-B8F5-FB5CFE2BCC6A}
		{A1234567-1234-1234-1234-123456789006} = {8B8D4D1A-FF14-4E66-B8F5-FB5CFE2BCC6C}
		{A1234567-1234-1234-1234-123456789008} = {8B8D4D1A-FF14-4E66-B8F5-FB5CFE2BCC6C}
		{A1234567-1234-1234-1234-123456789009} = {8B8D4D1A-FF14-4E66-B8F5-FB5CFE2BCC6C}
		{A1234567-1234-1234-1234-123456789010} = {8B8D4D1A-FF14-4E66-B8F5-FB5CFE2BCC6C}
		{6E12F4EC-38FB-4B4B-82DF-0933475F4F7D} = {8B8D4D1A-FF14-4E66-B8F5-FB5CFE2BCC6A}
		{5CE77BE4-82B1-4B48-96A6-59F9644E2B3F} = {8B8D4D1A-FF14-4E66-B8F5-FB5CFE2BCC6C}
	EndGlobalSection
EndGlobal
